
Microsoft Visual Studio Solution File, Format Version 12.00
# Visual Studio Version 17
VisualStudioVersion = 17.11.35327.3
MinimumVisualStudioVersion = 10.0.40219.1
Project("{9A19103F-16F7-4668-BE54-9A1E7A4F7556}") = "FitnessApp.Web", "FitnessApp.Web.csproj", "{379B2997-3929-4290-9801-9AD1C96E458D}"
	ProjectSection(ProjectDependencies) = postProject
		{F922F291-9A72-4B73-9655-49D4B6592F8B} = {F922F291-9A72-4B73-9655-49D4B6592F8B}
	EndProjectSection
EndProject
Project("{9A19103F-16F7-4668-BE54-9A1E7A4F7556}") = "FitnessApp.Data", "..\FitnessApp.Data\FitnessApp.Data.csproj", "{3DC7AF21-F196-4944-B93B-1A880FE015A5}"
	ProjectSection(ProjectDependencies) = postProject
		{45D2A919-8351-4FCB-A208-E2FCA98ED864} = {45D2A919-8351-4FCB-A208-E2FCA98ED864}
	EndProjectSection
EndProject
Project("{9A19103F-16F7-4668-BE54-9A1E7A4F7556}") = "FitnessApp.Common", "..\FitnessApp.Common\FitnessApp.Common.csproj", "{F7CC5FCD-6B98-43F1-8760-0A4757DA11F1}"
EndProject
Project("{9A19103F-16F7-4668-BE54-9A1E7A4F7556}") = "FitnessApp.Data.Models", "..\FitnessApp.Data.Models\FitnessApp.Data.Models.csproj", "{45D2A919-8351-4FCB-A208-E2FCA98ED864}"
	ProjectSection(ProjectDependencies) = postProject
		{F7CC5FCD-6B98-43F1-8760-0A4757DA11F1} = {F7CC5FCD-6B98-43F1-8760-0A4757DA11F1}
	EndProjectSection
EndProject
Project("{9A19103F-16F7-4668-BE54-9A1E7A4F7556}") = "FitnessApp.ViewModels", "..\FitnessApp.ViewModels\FitnessApp.ViewModels.csproj", "{F922F291-9A72-4B73-9655-49D4B6592F8B}"
	ProjectSection(ProjectDependencies) = postProject
		{F7CC5FCD-6B98-43F1-8760-0A4757DA11F1} = {F7CC5FCD-6B98-43F1-8760-0A4757DA11F1}
	EndProjectSection
EndProject
Project("{9A19103F-16F7-4668-BE54-9A1E7A4F7556}") = "FitnessApp.Services", "..\FitnessApp.Services\FitnessApp.Services.csproj", "{3E70BFC1-20F1-46D2-831B-2C6FBF2B2AD4}"
	ProjectSection(ProjectDependencies) = postProject
		{F922F291-9A72-4B73-9655-49D4B6592F8B} = {F922F291-9A72-4B73-9655-49D4B6592F8B}
	EndProjectSection
EndProject
Project("{9A19103F-16F7-4668-BE54-9A1E7A4F7556}") = "FitnessApp.Tests", "..\FitnessApp.Tests\FitnessApp.Tests.csproj", "{96735F6B-6DAF-4C8F-B0F0-A08B5437E02C}"
EndProject
Project("{9A19103F-16F7-4668-BE54-9A1E7A4F7556}") = "FitnessApp.AutoMapper", "..\FitnessApp.AutoMapper\FitnessApp.AutoMapper.csproj", "{B5D8E3EC-329D-4752-9142-AB2C9B6161A3}"
EndProject
Global
	GlobalSection(SolutionConfigurationPlatforms) = preSolution
		Debug|Any CPU = Debug|Any CPU
		Release|Any CPU = Release|Any CPU
	EndGlobalSection
	GlobalSection(ProjectConfigurationPlatforms) = postSolution
		{379B2997-3929-4290-9801-9AD1C96E458D}.Debug|Any CPU.ActiveCfg = Debug|Any CPU
		{379B2997-3929-4290-9801-9AD1C96E458D}.Debug|Any CPU.Build.0 = Debug|Any CPU
		{379B2997-3929-4290-9801-9AD1C96E458D}.Release|Any CPU.ActiveCfg = Release|Any CPU
		{379B2997-3929-4290-9801-9AD1C96E458D}.Release|Any CPU.Build.0 = Release|Any CPU
		{3DC7AF21-F196-4944-B93B-1A880FE015A5}.Debug|Any CPU.ActiveCfg = Debug|Any CPU
		{3DC7AF21-F196-4944-B93B-1A880FE015A5}.Debug|Any CPU.Build.0 = Debug|Any CPU
		{3DC7AF21-F196-4944-B93B-1A880FE015A5}.Release|Any CPU.ActiveCfg = Release|Any CPU
		{3DC7AF21-F196-4944-B93B-1A880FE015A5}.Release|Any CPU.Build.0 = Release|Any CPU
		{F7CC5FCD-6B98-43F1-8760-0A4757DA11F1}.Debug|Any CPU.ActiveCfg = Debug|Any CPU
		{F7CC5FCD-6B98-43F1-8760-0A4757DA11F1}.Debug|Any CPU.Build.0 = Debug|Any CPU
		{F7CC5FCD-6B98-43F1-8760-0A4757DA11F1}.Release|Any CPU.ActiveCfg = Release|Any CPU
		{F7CC5FCD-6B98-43F1-8760-0A4757DA11F1}.Release|Any CPU.Build.0 = Release|Any CPU
		{45D2A919-8351-4FCB-A208-E2FCA98ED864}.Debug|Any CPU.ActiveCfg = Debug|Any CPU
		{45D2A919-8351-4FCB-A208-E2FCA98ED864}.Debug|Any CPU.Build.0 = Debug|Any CPU
		{45D2A919-8351-4FCB-A208-E2FCA98ED864}.Release|Any CPU.ActiveCfg = Release|Any CPU
		{45D2A919-8351-4FCB-A208-E2FCA98ED864}.Release|Any CPU.Build.0 = Release|Any CPU
		{F922F291-9A72-4B73-9655-49D4B6592F8B}.Debug|Any CPU.ActiveCfg = Debug|Any CPU
		{F922F291-9A72-4B73-9655-49D4B6592F8B}.Debug|Any CPU.Build.0 = Debug|Any CPU
		{F922F291-9A72-4B73-9655-49D4B6592F8B}.Release|Any CPU.ActiveCfg = Release|Any CPU
		{F922F291-9A72-4B73-9655-49D4B6592F8B}.Release|Any CPU.Build.0 = Release|Any CPU
		{3E70BFC1-20F1-46D2-831B-2C6FBF2B2AD4}.Debug|Any CPU.ActiveCfg = Debug|Any CPU
		{3E70BFC1-20F1-46D2-831B-2C6FBF2B2AD4}.Debug|Any CPU.Build.0 = Debug|Any CPU
		{3E70BFC1-20F1-46D2-831B-2C6FBF2B2AD4}.Release|Any CPU.ActiveCfg = Release|Any CPU
		{3E70BFC1-20F1-46D2-831B-2C6FBF2B2AD4}.Release|Any CPU.Build.0 = Release|Any CPU
		{96735F6B-6DAF-4C8F-B0F0-A08B5437E02C}.Debug|Any CPU.ActiveCfg = Debug|Any CPU
		{96735F6B-6DAF-4C8F-B0F0-A08B5437E02C}.Debug|Any CPU.Build.0 = Debug|Any CPU
		{96735F6B-6DAF-4C8F-B0F0-A08B5437E02C}.Release|Any CPU.ActiveCfg = Release|Any CPU
		{96735F6B-6DAF-4C8F-B0F0-A08B5437E02C}.Release|Any CPU.Build.0 = Release|Any CPU
		{B5D8E3EC-329D-4752-9142-AB2C9B6161A3}.Debug|Any CPU.ActiveCfg = Debug|Any CPU
		{B5D8E3EC-329D-4752-9142-AB2C9B6161A3}.Debug|Any CPU.Build.0 = Debug|Any CPU
		{B5D8E3EC-329D-4752-9142-AB2C9B6161A3}.Release|Any CPU.ActiveCfg = Release|Any CPU
		{B5D8E3EC-329D-4752-9142-AB2C9B6161A3}.Release|Any CPU.Build.0 = Release|Any CPU
	EndGlobalSection
	GlobalSection(SolutionProperties) = preSolution
		HideSolutionNode = FALSE
	EndGlobalSection
	GlobalSection(ExtensibilityGlobals) = postSolution
		SolutionGuid = {EF244D18-4F83-425D-B2BE-8940E5D994D0}
	EndGlobalSection
EndGlobal
